
Microsoft Visual Studio Solution File, Format Version 12.00
# Visual Studio Version 16
VisualStudioVersion = 16.0.28922.388
MinimumVisualStudioVersion = 10.0.40219.1
Project("{FAE04EC0-301F-11D3-BF4B-00C04F79EFBC}") = "WebApp", "WebApp\WebApp.csproj", "{6F35213C-1D57-474F-869C-510AE41C4C98}"
EndProject
Global
	GlobalSection(SolutionConfigurationPlatforms) = preSolution
		Debug|Any CPU = Debug|Any CPU
		Release|Any CPU = Release|Any CPU
	EndGlobalSection
	GlobalSection(ProjectConfigurationPlatforms) = postSolution
		{6F35213C-1D57-474F-869C-510AE41C4C98}.Debug|Any CPU.ActiveCfg = Debug|Any CPU
		{6F35213C-1D57-474F-869C-510AE41C4C98}.Debug|Any CPU.Build.0 = Debug|Any CPU
		{6F35213C-1D57-474F-869C-510AE41C4C98}.Release|Any CPU.ActiveCfg = Release|Any CPU
		{6F35213C-1D57-474F-869C-510AE41C4C98}.Release|Any CPU.Build.0 = Release|Any CPU
	EndGlobalSection
	GlobalSection(SolutionProperties) = preSolution
		HideSolutionNode = FALSE
	EndGlobalSection
	GlobalSection(ExtensibilityGlobals) = postSolution
		SolutionGuid = {1CE16832-233A-4ED3-885A-746612AB04B6}
	EndGlobalSection
EndGlobal
